<?xml version="1.0" encoding="utf-8"?>
<Project ToolsVersion="4.0" xmlns="http://schemas.microsoft.com/developer/msbuild/2003">
  <ItemGroup>
    <Filter Include="Source Files">
      <UniqueIdentifier>{4FC737F1-C7A5-4376-A066-2A32D752A2FF}</UniqueIdentifier>
      <Extensions>cpp;c;cc;cxx;c++;cppm;ixx;def;odl;idl;hpj;bat;asm;asmx</Extensions>
    </Filter>
    <Filter Include="Header Files">
      <UniqueIdentifier>{93995380-89BD-4b04-88EB-625FBE52EBFB}</UniqueIdentifier>
      <Extensions>h;hh;hpp;hxx;h++;hm;inl;inc;ipp;xsd</Extensions>
    </Filter>
    <Filter Include="Resource Files">
      <UniqueIdentifier>{67DA6AB6-F800-4c08-8B7A-83BB121AAD01}</UniqueIdentifier>
      <Extensions>rc;ico;cur;bmp;dlg;rc2;rct;bin;rgs;gif;jpg;jpeg;jpe;resx;tiff;tif;png;wav;mfcribbon-ms</Extensions>
    </Filter>
  </ItemGroup>
  <ItemGroup>
    <ClCompile Include="src\main.cpp">
      <Filter>Source Files</Filter>
    </ClCompile>
    <ClCompile Include="src\Roblox.cpp">
      <Filter>Source Files</Filter>
    </ClCompile>
    <ClCompile Include="src\Roblox.hpp">
      <Filter>Header Files</Filter>
    </ClCompile>
    <ClCompile Include="src\Internals\LuaU\Allocator.cpp">
      <Filter>Source Files</Filter>
    </ClCompile>
    <ClCompile Include="src\Internals\LuaU\Ast.cpp">
      <Filter>Source Files</Filter>
    </ClCompile>
    <ClCompile Include="src\Internals\LuaU\BuiltinFolding.cpp">
      <Filter>Source Files</Filter>
    </ClCompile>
    <ClCompile Include="src\Internals\LuaU\Builtins.cpp">
      <Filter>Source Files</Filter>
    </ClCompile>
    <ClCompile Include="src\Internals\LuaU\BytecodeBuilder.cpp">
      <Filter>Source Files</Filter>
    </ClCompile>
    <ClCompile Include="src\Internals\LuaU\Compiler.cpp">
      <Filter>Source Files</Filter>
    </ClCompile>
    <ClCompile Include="src\Internals\LuaU\Confusables.cpp">
      <Filter>Source Files</Filter>
    </ClCompile>
    <ClCompile Include="src\Internals\LuaU\ConstantFolding.cpp">
      <Filter>Source Files</Filter>
    </ClCompile>
    <ClCompile Include="src\Internals\LuaU\CostModel.cpp">
      <Filter>Source Files</Filter>
    </ClCompile>
    <ClCompile Include="src\Internals\LuaU\Cst.cpp">
      <Filter>Source Files</Filter>
    </ClCompile>
    <ClCompile Include="src\Internals\LuaU\lcode.cpp">
      <Filter>Source Files</Filter>
    </ClCompile>
    <ClCompile Include="src\Internals\LuaU\Lexer.cpp">
      <Filter>Source Files</Filter>
    </ClCompile>
    <ClCompile Include="src\Internals\LuaU\Location.cpp">
      <Filter>Source Files</Filter>
    </ClCompile>
    <ClCompile Include="src\Internals\LuaU\Parser.cpp">
      <Filter>Source Files</Filter>
    </ClCompile>
    <ClCompile Include="src\Internals\LuaU\PrettyPrinter.cpp">
      <Filter>Source Files</Filter>
    </ClCompile>
    <ClCompile Include="src\Internals\LuaU\StringUtils.cpp">
      <Filter>Source Files</Filter>
    </ClCompile>
    <ClCompile Include="src\Internals\LuaU\TableShape.cpp">
      <Filter>Source Files</Filter>
    </ClCompile>
    <ClCompile Include="src\Internals\LuaU\TimeTrace.cpp">
      <Filter>Source Files</Filter>
    </ClCompile>
    <ClCompile Include="src\Internals\LuaU\Types.cpp">
      <Filter>Source Files</Filter>
    </ClCompile>
    <ClCompile Include="src\Internals\LuaU\ValueTracking.cpp">
      <Filter>Source Files</Filter>
    </ClCompile>
    <ClCompile Include="src\Internals\Memory\memory.cpp">
      <Filter>Source Files</Filter>
    </ClCompile>
    <ClCompile Include="src\Internals\Memory\memory.h">
      <Filter>Source Files</Filter>
    </ClCompile>
  </ItemGroup>
  <ItemGroup>
    <ClInclude Include="src\Internals\LuaU\LuaU\Allocator.h">
      <Filter>Header Files</Filter>
    </ClInclude>
    <ClInclude Include="src\Internals\LuaU\LuaU\Ast.h">
      <Filter>Header Files</Filter>
    </ClInclude>
    <ClInclude Include="src\Internals\LuaU\LuaU\BuiltinFolding.h">
      <Filter>Header Files</Filter>
    </ClInclude>
    <ClInclude Include="src\Internals\LuaU\LuaU\Builtins.h">
      <Filter>Header Files</Filter>
    </ClInclude>
    <ClInclude Include="src\Internals\LuaU\LuaU\Bytecode.h">
      <Filter>Header Files</Filter>
    </ClInclude>
    <ClInclude Include="src\Internals\LuaU\LuaU\BytecodeBuilder.h">
      <Filter>Header Files</Filter>
    </ClInclude>
    <ClInclude Include="src\Internals\LuaU\LuaU\BytecodeUtils.h">
      <Filter>Header Files</Filter>
    </ClInclude>
    <ClInclude Include="src\Internals\LuaU\LuaU\Common.h">
      <Filter>Header Files</Filter>
    </ClInclude>
    <ClInclude Include="src\Internals\LuaU\LuaU\Compiler.h">
      <Filter>Header Files</Filter>
    </ClInclude>
    <ClInclude Include="src\Internals\LuaU\LuaU\Confusables.h">
      <Filter>Header Files</Filter>
    </ClInclude>
    <ClInclude Include="src\Internals\LuaU\LuaU\ConstantFolding.h">
      <Filter>Header Files</Filter>
    </ClInclude>
    <ClInclude Include="src\Internals\LuaU\LuaU\Cst.h">
      <Filter>Header Files</Filter>
    </ClInclude>
    <ClInclude Include="src\Internals\LuaU\LuaU\DenseHash.h">
      <Filter>Header Files</Filter>
    </ClInclude>
    <ClInclude Include="src\Internals\LuaU\LuaU\ExperimentalFlags.h">
      <Filter>Header Files</Filter>
    </ClInclude>
    <ClInclude Include="src\Internals\LuaU\LuaU\HashUtil.h">
      <Filter>Header Files</Filter>
    </ClInclude>
    <ClInclude Include="src\Internals\LuaU\LuaU\Lexer.h">
      <Filter>Header Files</Filter>
    </ClInclude>
    <ClInclude Include="src\Internals\LuaU\LuaU\Location.h">
      <Filter>Header Files</Filter>
    </ClInclude>
    <ClInclude Include="src\Internals\LuaU\LuaU\luacode.h">
      <Filter>Header Files</Filter>
    </ClInclude>
    <ClInclude Include="src\Internals\LuaU\LuaU\ParseOptions.h">
      <Filter>Header Files</Filter>
    </ClInclude>
    <ClInclude Include="src\Internals\LuaU\LuaU\Parser.h">
      <Filter>Header Files</Filter>
    </ClInclude>
    <ClInclude Include="src\Internals\LuaU\LuaU\ParseResult.h">
      <Filter>Header Files</Filter>
    </ClInclude>
    <ClInclude Include="src\Internals\LuaU\LuaU\PrettyPrinter.h">
      <Filter>Header Files</Filter>
    </ClInclude>
    <ClInclude Include="src\Internals\LuaU\LuaU\ScopedSeenSet.h">
      <Filter>Header Files</Filter>
    </ClInclude>
    <ClInclude Include="src\Internals\LuaU\LuaU\StringUtils.h">
      <Filter>Header Files</Filter>
    </ClInclude>
    <ClInclude Include="src\Internals\LuaU\LuaU\TableShape.h">
      <Filter>Header Files</Filter>
    </ClInclude>
    <ClInclude Include="src\Internals\LuaU\LuaU\TimeTrace.h">
      <Filter>Header Files</Filter>
    </ClInclude>
    <ClInclude Include="src\Internals\LuaU\LuaU\Types.h">
      <Filter>Header Files</Filter>
    </ClInclude>
    <ClInclude Include="src\Internals\LuaU\LuaU\Utils.h">
      <Filter>Header Files</Filter>
    </ClInclude>
    <ClInclude Include="src\Internals\LuaU\LuaU\ValueTracking.h">
      <Filter>Header Files</Filter>
    </ClInclude>
    <ClInclude Include="src\Internals\LuaU\LuaU\Variant.h">
      <Filter>Header Files</Filter>
    </ClInclude>
    <ClInclude Include="src\Internals\LuaU\LuaU\VecDeque.h">
      <Filter>Header Files</Filter>
    </ClInclude>
    <ClInclude Include="src\Internals\LuaU\BuiltinFolding.h">
      <Filter>Header Files</Filter>
    </ClInclude>
    <ClInclude Include="src\Internals\LuaU\Builtins.h">
      <Filter>Header Files</Filter>
    </ClInclude>
    <ClInclude Include="src\Internals\LuaU\ConstantFolding.h">
      <Filter>Header Files</Filter>
    </ClInclude>
    <ClInclude Include="src\Internals\LuaU\CostModel.h">
      <Filter>Header Files</Filter>
    </ClInclude>
    <ClInclude Include="src\Internals\LuaU\luacode.h">
      <Filter>Header Files</Filter>
    </ClInclude>
    <ClInclude Include="src\Internals\LuaU\TableShape.h">
      <Filter>Header Files</Filter>
    </ClInclude>
    <ClInclude Include="src\Internals\LuaU\Types.h">
      <Filter>Header Files</Filter>
    </ClInclude>
    <ClInclude Include="src\Internals\LuaU\Utils.h">
      <Filter>Header Files</Filter>
    </ClInclude>
    <ClInclude Include="src\Internals\LuaU\ValueTracking.h">
      <Filter>Header Files</Filter>
    </ClInclude>
    <ClInclude Include="src\Internals\Roblox\Offsets.hpp">
      <Filter>Header Files</Filter>
    </ClInclude>
    <ClInclude Include="src\Internals\Bytecode\Bytecode.hpp">
      <Filter>Header Files</Filter>
    </ClInclude>
    <ClInclude Include="src\Internals\Bytecode\Offsets.h">
      <Filter>Header Files</Filter>
    </ClInclude>
  </ItemGroup>
  <ItemGroup>
    <MASM Include="src\Internals\Memory\luck.asm">
      <Filter>Source Files</Filter>
    </MASM>
  </ItemGroup>
</Project>